
Microsoft Visual Studio Solution File, Format Version 12.00
# Visual Studio Version 17
VisualStudioVersion = 17.8.34330.188
MinimumVisualStudioVersion = 10.0.40219.1
Project("{9A19103F-16F7-4668-BE54-9A1E7A4F7556}") = "TechStore", "TechStore\TechStore.csproj", "{BCDDDA83-CE23-4DC0-85DC-4E65A018FBFF}"
EndProject
Project("{9A19103F-16F7-4668-BE54-9A1E7A4F7556}") = "Services", "Services\Services.csproj", "{46710724-5D8B-43DF-8BC2-CCD8E0C9C4F7}"
EndProject
Project("{9A19103F-16F7-4668-BE54-9A1E7A4F7556}") = "DataAccess", "DataAccess\DataAccess.csproj", "{CEED4899-EB75-410A-863E-BCF6B8D11214}"
EndProject
Project("{9A19103F-16F7-4668-BE54-9A1E7A4F7556}") = "Core", "Core\Core.csproj", "{CB65AB46-4494-4214-BFBA-F0DE0155753F}"
EndProject
Project("{9A19103F-16F7-4668-BE54-9A1E7A4F7556}") = "Entities", "Entities\Entities.csproj", "{4E5B7B3B-CE6B-4285-B46F-B51242A61CDA}"
EndProject
Project("{FAE04EC0-301F-11D3-BF4B-00C04F79EFBC}") = "TechStore.Admin.Api", "TechStore.Admin.Api\TechStore.Admin.Api.csproj", "{5724D291-C726-4194-9CE5-51C63D28932C}"
EndProject
Project("{FAE04EC0-301F-11D3-BF4B-00C04F79EFBC}") = "TechStore.Api", "TechStore.Api\TechStore.Api.csproj", "{05987088-DA3E-4A64-A81F-05C44BAC5A5F}"
EndProject
Global
	GlobalSection(SolutionConfigurationPlatforms) = preSolution
		Debug|Any CPU = Debug|Any CPU
		Release|Any CPU = Release|Any CPU
	EndGlobalSection
	GlobalSection(ProjectConfigurationPlatforms) = postSolution
		{BCDDDA83-CE23-4DC0-85DC-4E65A018FBFF}.Debug|Any CPU.ActiveCfg = Debug|Any CPU
		{BCDDDA83-CE23-4DC0-85DC-4E65A018FBFF}.Debug|Any CPU.Build.0 = Debug|Any CPU
		{BCDDDA83-CE23-4DC0-85DC-4E65A018FBFF}.Release|Any CPU.ActiveCfg = Release|Any CPU
		{BCDDDA83-CE23-4DC0-85DC-4E65A018FBFF}.Release|Any CPU.Build.0 = Release|Any CPU
		{46710724-5D8B-43DF-8BC2-CCD8E0C9C4F7}.Debug|Any CPU.ActiveCfg = Debug|Any CPU
		{46710724-5D8B-43DF-8BC2-CCD8E0C9C4F7}.Debug|Any CPU.Build.0 = Debug|Any CPU
		{46710724-5D8B-43DF-8BC2-CCD8E0C9C4F7}.Release|Any CPU.ActiveCfg = Release|Any CPU
		{46710724-5D8B-43DF-8BC2-CCD8E0C9C4F7}.Release|Any CPU.Build.0 = Release|Any CPU
		{CEED4899-EB75-410A-863E-BCF6B8D11214}.Debug|Any CPU.ActiveCfg = Debug|Any CPU
		{CEED4899-EB75-410A-863E-BCF6B8D11214}.Debug|Any CPU.Build.0 = Debug|Any CPU
		{CEED4899-EB75-410A-863E-BCF6B8D11214}.Release|Any CPU.ActiveCfg = Release|Any CPU
		{CEED4899-EB75-410A-863E-BCF6B8D11214}.Release|Any CPU.Build.0 = Release|Any CPU
		{CB65AB46-4494-4214-BFBA-F0DE0155753F}.Debug|Any CPU.ActiveCfg = Debug|Any CPU
		{CB65AB46-4494-4214-BFBA-F0DE0155753F}.Debug|Any CPU.Build.0 = Debug|Any CPU
		{CB65AB46-4494-4214-BFBA-F0DE0155753F}.Release|Any CPU.ActiveCfg = Release|Any CPU
		{CB65AB46-4494-4214-BFBA-F0DE0155753F}.Release|Any CPU.Build.0 = Release|Any CPU
		{4E5B7B3B-CE6B-4285-B46F-B51242A61CDA}.Debug|Any CPU.ActiveCfg = Debug|Any CPU
		{4E5B7B3B-CE6B-4285-B46F-B51242A61CDA}.Debug|Any CPU.Build.0 = Debug|Any CPU
		{4E5B7B3B-CE6B-4285-B46F-B51242A61CDA}.Release|Any CPU.ActiveCfg = Release|Any CPU
		{4E5B7B3B-CE6B-4285-B46F-B51242A61CDA}.Release|Any CPU.Build.0 = Release|Any CPU
		{5724D291-C726-4194-9CE5-51C63D28932C}.Debug|Any CPU.ActiveCfg = Debug|Any CPU
		{5724D291-C726-4194-9CE5-51C63D28932C}.Debug|Any CPU.Build.0 = Debug|Any CPU
		{5724D291-C726-4194-9CE5-51C63D28932C}.Release|Any CPU.ActiveCfg = Release|Any CPU
		{5724D291-C726-4194-9CE5-51C63D28932C}.Release|Any CPU.Build.0 = Release|Any CPU
		{05987088-DA3E-4A64-A81F-05C44BAC5A5F}.Debug|Any CPU.ActiveCfg = Debug|Any CPU
		{05987088-DA3E-4A64-A81F-05C44BAC5A5F}.Debug|Any CPU.Build.0 = Debug|Any CPU
		{05987088-DA3E-4A64-A81F-05C44BAC5A5F}.Release|Any CPU.ActiveCfg = Release|Any CPU
		{05987088-DA3E-4A64-A81F-05C44BAC5A5F}.Release|Any CPU.Build.0 = Release|Any CPU
	EndGlobalSection
	GlobalSection(SolutionProperties) = preSolution
		HideSolutionNode = FALSE
	EndGlobalSection
	GlobalSection(ExtensibilityGlobals) = postSolution
		SolutionGuid = {CC995AD3-09A0-46A4-A1A0-F1363B86C799}
	EndGlobalSection
EndGlobal
